{
  "name": "backend",
  "lockfileVersion": 3,
  "requires": true,
  "packages": {
    "": {
      "dependencies": {
        "vue3-grid-layout": "^1.0.0"
      }
    },
    "node_modules/@babel/helper-string-parser": {
      "version": "7.27.1",
      "resolved": "https://registry.npmmirror.com/@babel/helper-string-parser/-/helper-string-parser-7.27.1.tgz",
      "integrity": "sha512-qMlSxKbpRlAridDExk92nSobyDdpPijUq2DW6oDnUqd0iOGxmQjyqhMIihI9+zv4LPyZdRje2cavWPbCbWm3eA==",
      "optional": true,
      "engines": {
        "node": ">=6.9.0"
      }
    },
    "node_modules/@babel/helper-validator-identifier": {
      "version": "7.28.5",
      "resolved": "https://registry.npmmirror.com/@babel/helper-validator-identifier/-/helper-validator-identifier-7.28.5.tgz",
      "integrity": "sha512-qSs4ifwzKJSV39ucNjsvc6WVHs6b7S03sOh2OcHF9UHfVPqWWALUsNUVzhSBiItjRZoLHx7nIarVjqKVusUZ1Q==",
      "optional": true,
      "engines": {
        "node": ">=6.9.0"
      }
    },
    "node_modules/@babel/parser": {
      "version": "7.29.2",
      "resolved": "https://registry.npmmirror.com/@babel/parser/-/parser-7.29.2.tgz",
      "integrity": "sha512-4GgRzy/+fsBa72/RZVJmGKPmZu9Byn8o4MoLpmNe1m8ZfYnz5emHLQz3U4gLud6Zwl0RZIcgiLD7Uq7ySFuDLA==",
      "optional": true,
      "dependencies": {
        "@babel/types": "^7.29.0"
      },
      "bin": {
        "parser": "bin/babel-parser.js"
      },
      "engines": {
        "node": ">=6.0.0"
      }
    },
    "node_modules/@babel/types": {
      "version": "7.29.0",
      "resolved": "https://registry.npmmirror.com/@babel/types/-/types-7.29.0.tgz",
      "integrity": "sha512-LwdZHpScM4Qz8Xw2iKSzS+cfglZzJGvofQICy7W7v4caru4EaAmyUuO6BGrbyQ2mYV11W0U8j5mBhd14dd3B0A==",
      "optional": true,
      "dependencies": {
        "@babel/helper-string-parser": "^7.27.1",
        "@babel/helper-validator-identifier": "^7.28.5"
      },
      "engines": {
        "node": ">=6.9.0"
      }
    },
    "node_modules/@interactjs/actions": {
      "version": "1.10.27",
      "resolved": "https://registry.npmmirror.com/@interactjs/actions/-/actions-1.10.27.tgz",
      "integrity": "sha512-FCRg5KwB+stkPcAMx/Cn0fgGP6p4LyMX9S/Upcn/W+hpYme31bPi54PCqmOebzz6myTthN6zFf9jMyLOqtI/gg==",
      "optionalDependencies": {
        "@interactjs/interact": "1.10.27"
      },
      "peerDependencies": {
        "@interactjs/core": "1.10.27",
        "@interactjs/utils": "1.10.27"
      }
    },
    "node_modules/@interactjs/auto-scroll": {
      "version": "1.10.27",
      "resolved": "https://registry.npmmirror.com/@interactjs/auto-scroll/-/auto-scroll-1.10.27.tgz",
      "integrity": "sha512-zPg5TnVsZv+9Hnt4qnbxLvBMf+rIWHkoJVoSETEbLNaj90C8hIyr0pVwukSUySSgDhCgQ7np0f3pg4INLq9beQ==",
      "optionalDependencies": {
        "@interactjs/interact": "1.10.27"
      },
      "peerDependencies": {
        "@interactjs/utils": "1.10.27"
      }
    },
    "node_modules/@interactjs/auto-start": {
      "version": "1.10.27",
      "resolved": "https://registry.npmmirror.com/@interactjs/auto-start/-/auto-start-1.10.27.tgz",
      "integrity": "sha512-ECLBO/nxmaF1knncJKIE5F7la3KKRgEkn0Cu2JTPOYj9xy/LpfYElo3wkRHsodgOqF651nR70GK2/IzPR2lO9A==",
      "optionalDependencies": {
        "@interactjs/interact": "1.10.27"
      },
      "peerDependencies": {
        "@interactjs/core": "1.10.27",
        "@interactjs/utils": "1.10.27"
      }
    },
    "node_modules/@interactjs/core": {
      "version": "1.10.27",
      "resolved": "https://registry.npmmirror.com/@interactjs/core/-/core-1.10.27.tgz",
      "integrity": "sha512-SliUr/3ZbLAdED8LokzYzWHWMdCB5Cq+UnpXuRy+BIod1j97m4IUFf/D1iIKUBBjBcucgXbz28z96WnenVCB7Q==",
      "peerDependencies": {
        "@interactjs/utils": "1.10.27"
      }
    },
    "node_modules/@interactjs/dev-tools": {
      "version": "1.10.27",
      "resolved": "https://registry.npmmirror.com/@interactjs/dev-tools/-/dev-tools-1.10.27.tgz",
      "integrity": "sha512-YolmBwRaKH1gWbvyLeV3m5QSwtD38lOZnCBA87PCAlcd9PQAC2gb03fEPeEyD336bE20oLB8f0WZt4Wre+afiw==",
      "optionalDependencies": {
        "@interactjs/interact": "1.10.27",
        "vue": "3"
      },
      "peerDependencies": {
        "@interactjs/modifiers": "1.10.27",
        "@interactjs/utils": "1.10.27"
      }
    },
    "node_modules/@interactjs/inertia": {
      "version": "1.10.27",
      "resolved": "https://registry.npmmirror.com/@interactjs/inertia/-/inertia-1.10.27.tgz",
      "integrity": "sha512-S/SVj/M0D+wWWPVXHcXN/YUWOK51LFJsEA+CTgVnFhlSU04+1FUvNLwilCZcHgECu1RJxZNKDwZysDATg+r8jQ==",
      "dependencies": {
        "@interactjs/offset": "1.10.27"
      },
      "optionalDependencies": {
        "@interactjs/interact": "1.10.27"
      },
      "peerDependencies": {
        "@interactjs/core": "1.10.27",
        "@interactjs/modifiers": "1.10.27",
        "@interactjs/utils": "1.10.27"
      }
    },
    "node_modules/@interactjs/interact": {
      "version": "1.10.27",
      "resolved": "https://registry.npmmirror.com/@interactjs/interact/-/interact-1.10.27.tgz",
      "integrity": "sha512-XdH3A2UUzjEFGGJgFuJlhiz99tE8jB8xNh/DmnoMuL6uOQPxNA+sWRnzEVjG0+zY2P3/dbhEpi4Cn3FLPzydwA==",
      "dependencies": {
        "@interactjs/core": "1.10.27",
        "@interactjs/utils": "1.10.27"
      }
    },
    "node_modules/@interactjs/interactjs": {
      "version": "1.10.27",
      "resolved": "https://registry.npmmirror.com/@interactjs/interactjs/-/interactjs-1.10.27.tgz",
      "integrity": "sha512-UwhfUZMZVXUY72efPABuKSBz1sUY+r+49v8t6Ku9o5Jq76AKg9mwmdGszIlOn3ppnFDDjvtzK/8TL+Sbd0EQEA==",
      "dependencies": {
        "@interactjs/actions": "1.10.27",
        "@interactjs/auto-scroll": "1.10.27",
        "@interactjs/auto-start": "1.10.27",
        "@interactjs/core": "1.10.27",
        "@interactjs/dev-tools": "1.10.27",
        "@interactjs/inertia": "1.10.27",
        "@interactjs/interact": "1.10.27",
        "@interactjs/modifiers": "1.10.27",
        "@interactjs/offset": "1.10.27",
        "@interactjs/pointer-events": "1.10.27",
        "@interactjs/reflow": "1.10.27",
        "@interactjs/utils": "1.10.27"
      }
    },
    "node_modules/@interactjs/modifiers": {
      "version": "1.10.27",
      "resolved": "https://registry.npmmirror.com/@interactjs/modifiers/-/modifiers-1.10.27.tgz",
      "integrity": "sha512-ei/qfoQ+9/8k6WzNzdNqHI6cWkIV576N4Ap16r5CoqOWwhA6Xzj3OMHf1g0t1O4eSq2HdJsVJn3eLNfw9HsbeQ==",
      "dependencies": {
        "@interactjs/snappers": "1.10.27"
      },
      "optionalDependencies": {
        "@interactjs/interact": "1.10.27"
      },
      "peerDependencies": {
        "@interactjs/core": "1.10.27",
        "@interactjs/utils": "1.10.27"
      }
    },
    "node_modules/@interactjs/offset": {
      "version": "1.10.27",
      "resolved": "https://registry.npmmirror.com/@interactjs/offset/-/offset-1.10.27.tgz",
      "integrity": "sha512-AezsLiuK+Qv4jXdYuRa65HJ2pMFMZPlqiAep6ZRLwhP9HE7O75c0EAm+gfx+dpPrHNHs6J9LaiKSZl+B+A2qAw==",
      "optionalDependencies": {
        "@interactjs/interact": "1.10.27"
      },
      "peerDependencies": {
        "@interactjs/core": "1.10.27",
        "@interactjs/utils": "1.10.27"
      }
    },
    "node_modules/@interactjs/pointer-events": {
      "version": "1.10.27",
      "resolved": "https://registry.npmmirror.com/@interactjs/pointer-events/-/pointer-events-1.10.27.tgz",
      "integrity": "sha512-Yo5SS6PhWfC93gHNxnwwW0wvebo5hSYJKGaSnAHO4f9Lh25yibecMnmPBmiEfWVcdMboK/kXrme43mHQaRegVg==",
      "optionalDependencies": {
        "@interactjs/interact": "1.10.27"
      },
      "peerDependencies": {
        "@interactjs/core": "1.10.27",
        "@interactjs/utils": "1.10.27"
      }
    },
    "node_modules/@interactjs/reflow": {
      "version": "1.10.27",
      "resolved": "https://registry.npmmirror.com/@interactjs/reflow/-/reflow-1.10.27.tgz",
      "integrity": "sha512-Msm0QdYFr40oSsPFxyCR3dHN/pQx34k7QSkdN1uIsUn/drrm+YSFvrvVOu99DFOwr7gTThr5vNe06Sz4vubTSA==",
      "optionalDependencies": {
        "@interactjs/interact": "1.10.27"
      },
      "peerDependencies": {
        "@interactjs/core": "1.10.27",
        "@interactjs/utils": "1.10.27"
      }
    },
    "node_modules/@interactjs/snappers": {
      "version": "1.10.27",
      "resolved": "https://registry.npmmirror.com/@interactjs/snappers/-/snappers-1.10.27.tgz",
      "integrity": "sha512-HZLZ0XSi6HI08OmTv/HKG6AltQoaKAALLQ+KDW92utj3XSgw7oren0KsWUKPhaPg3Av7R1jFQd08s+uafqIlLw==",
      "optionalDependencies": {
        "@interactjs/interact": "1.10.27"
      },
      "peerDependencies": {
        "@interactjs/utils": "1.10.27"
      }
    },
    "node_modules/@interactjs/utils": {
      "version": "1.10.27",
      "resolved": "https://registry.npmmirror.com/@interactjs/utils/-/utils-1.10.27.tgz",
      "integrity": "sha512-+qfLOio2OxQqg1cXSnRaCl+N8MQDQLDS9w+aOGxH8YLAhIMyt7Asxx/46//sT8orgsi16pmlBPtngPHT9s8zKw=="
    },
    "node_modules/@jridgewell/sourcemap-codec": {
      "version": "1.5.5",
      "resolved": "https://registry.npmmirror.com/@jridgewell/sourcemap-codec/-/sourcemap-codec-1.5.5.tgz",
      "integrity": "sha512-cYQ9310grqxueWbl+WuIUIaiUaDcj7WOq5fVhEljNVgRfOUhY9fy2zTvfoqWsnebh8Sl70VScFbICvJnLKB0Og==",
      "optional": true
    },
    "node_modules/@vue/compiler-core": {
      "version": "3.5.30",
      "resolved": "https://registry.npmmirror.com/@vue/compiler-core/-/compiler-core-3.5.30.tgz",
      "integrity": "sha512-s3DfdZkcu/qExZ+td75015ljzHc6vE+30cFMGRPROYjqkroYI5NV2X1yAMX9UeyBNWB9MxCfPcsjpLS11nzkkw==",
      "optional": true,
      "dependencies": {
        "@babel/parser": "^7.29.0",
        "@vue/shared": "3.5.30",
        "entities": "^7.0.1",
        "estree-walker": "^2.0.2",
        "source-map-js": "^1.2.1"
      }
    },
    "node_modules/@vue/compiler-dom": {
      "version": "3.5.30",
      "resolved": "https://registry.npmmirror.com/@vue/compiler-dom/-/compiler-dom-3.5.30.tgz",
      "integrity": "sha512-eCFYESUEVYHhiMuK4SQTldO3RYxyMR/UQL4KdGD1Yrkfdx4m/HYuZ9jSfPdA+nWJY34VWndiYdW/wZXyiPEB9g==",
      "optional": true,
      "dependencies": {
        "@vue/compiler-core": "3.5.30",
        "@vue/shared": "3.5.30"
      }
    },
    "node_modules/@vue/compiler-sfc": {
      "version": "3.5.30",
      "resolved": "https://registry.npmmirror.com/@vue/compiler-sfc/-/compiler-sfc-3.5.30.tgz",
      "integrity": "sha512-LqmFPDn89dtU9vI3wHJnwaV6GfTRD87AjWpTWpyrdVOObVtjIuSeZr181z5C4PmVx/V3j2p+0f7edFKGRMpQ5A==",
      "optional": true,
      "dependencies": {
        "@babel/parser": "^7.29.0",
        "@vue/compiler-core": "3.5.30",
        "@vue/compiler-dom": "3.5.30",
        "@vue/compiler-ssr": "3.5.30",
        "@vue/shared": "3.5.30",
        "estree-walker": "^2.0.2",
        "magic-string": "^0.30.21",
        "postcss": "^8.5.8",
        "source-map-js": "^1.2.1"
      }
    },
    "node_modules/@vue/compiler-ssr": {
      "version": "3.5.30",
      "resolved": "https://registry.npmmirror.com/@vue/compiler-ssr/-/compiler-ssr-3.5.30.tgz",
      "integrity": "sha512-NsYK6OMTnx109PSL2IAyf62JP6EUdk4Dmj6AkWcJGBvN0dQoMYtVekAmdqgTtWQgEJo+Okstbf/1p7qZr5H+bA==",
      "optional": true,
      "dependencies": {
        "@vue/compiler-dom": "3.5.30",
        "@vue/shared": "3.5.30"
      }
    },
    "node_modules/@vue/reactivity": {
      "version": "3.5.30",
      "resolved": "https://registry.npmmirror.com/@vue/reactivity/-/reactivity-3.5.30.tgz",
      "integrity": "sha512-179YNgKATuwj9gB+66snskRDOitDiuOZqkYia7mHKJaidOMo/WJxHKF8DuGc4V4XbYTJANlfEKb0yxTQotnx4Q==",
      "optional": true,
      "dependencies": {
        "@vue/shared": "3.5.30"
      }
    },
    "node_modules/@vue/runtime-core": {
      "version": "3.5.30",
      "resolved": "https://registry.npmmirror.com/@vue/runtime-core/-/runtime-core-3.5.30.tgz",
      "integrity": "sha512-e0Z+8PQsUTdwV8TtEsLzUM7SzC7lQwYKePydb7K2ZnmS6jjND+WJXkmmfh/swYzRyfP1EY3fpdesyYoymCzYfg==",
      "optional": true,
      "dependencies": {
        "@vue/reactivity": "3.5.30",
        "@vue/shared": "3.5.30"
      }
    },
    "node_modules/@vue/runtime-dom": {
      "version": "3.5.30",
      "resolved": "https://registry.npmmirror.com/@vue/runtime-dom/-/runtime-dom-3.5.30.tgz",
      "integrity": "sha512-2UIGakjU4WSQ0T4iwDEW0W7vQj6n7AFn7taqZ9Cvm0Q/RA2FFOziLESrDL4GmtI1wV3jXg5nMoJSYO66egDUBw==",
      "optional": true,
      "dependencies": {
        "@vue/reactivity": "3.5.30",
        "@vue/runtime-core": "3.5.30",
        "@vue/shared": "3.5.30",
        "csstype": "^3.2.3"
      }
    },
    "node_modules/@vue/server-renderer": {
      "version": "3.5.30",
      "resolved": "https://registry.npmmirror.com/@vue/server-renderer/-/server-renderer-3.5.30.tgz",
      "integrity": "sha512-v+R34icapydRwbZRD0sXwtHqrQJv38JuMB4JxbOxd8NEpGLny7cncMp53W9UH/zo4j8eDHjQ1dEJXwzFQknjtQ==",
      "optional": true,
      "dependencies": {
        "@vue/compiler-ssr": "3.5.30",
        "@vue/shared": "3.5.30"
      },
      "peerDependencies": {
        "vue": "3.5.30"
      }
    },
    "node_modules/@vue/shared": {
      "version": "3.5.30",
      "resolved": "https://registry.npmmirror.com/@vue/shared/-/shared-3.5.30.tgz",
      "integrity": "sha512-YXgQ7JjaO18NeK2K9VTbDHaFy62WrObMa6XERNfNOkAhD1F1oDSf3ZJ7K6GqabZ0BvSDHajp8qfS5Sa2I9n8uQ==",
      "optional": true
    },
    "node_modules/batch-processor": {
      "version": "1.0.0",
      "resolved": "https://registry.npmmirror.com/batch-processor/-/batch-processor-1.0.0.tgz",
      "integrity": "sha512-xoLQD8gmmR32MeuBHgH0Tzd5PuSZx71ZsbhVxOCRbgktZEPe4SQy7s9Z50uPp0F/f7iw2XmkHN2xkgbMfckMDA=="
    },
    "node_modules/csstype": {
      "version": "3.2.3",
      "resolved": "https://registry.npmmirror.com/csstype/-/csstype-3.2.3.tgz",
      "integrity": "sha512-z1HGKcYy2xA8AGQfwrn0PAy+PB7X/GSj3UVJW9qKyn43xWa+gl5nXmU4qqLMRzWVLFC8KusUX8T/0kCiOYpAIQ==",
      "optional": true
    },
    "node_modules/element-resize-detector": {
      "version": "1.2.4",
      "resolved": "https://registry.npmmirror.com/element-resize-detector/-/element-resize-detector-1.2.4.tgz",
      "integrity": "sha512-Fl5Ftk6WwXE0wqCgNoseKWndjzZlDCwuPTcoVZfCP9R3EHQF8qUtr3YUPNETegRBOKqQKPW3n4kiIWngGi8tKg==",
      "dependencies": {
        "batch-processor": "1.0.0"
      }
    },
    "node_modules/entities": {
      "version": "7.0.1",
      "resolved": "https://registry.npmmirror.com/entities/-/entities-7.0.1.tgz",
      "integrity": "sha512-TWrgLOFUQTH994YUyl1yT4uyavY5nNB5muff+RtWaqNVCAK408b5ZnnbNAUEWLTCpum9w6arT70i1XdQ4UeOPA==",
      "optional": true,
      "engines": {
        "node": ">=0.12"
      },
      "funding": {
        "url": "https://github.com/fb55/entities?sponsor=1"
      }
    },
    "node_modules/estree-walker": {
      "version": "2.0.2",
      "resolved": "https://registry.npmmirror.com/estree-walker/-/estree-walker-2.0.2.tgz",
      "integrity": "sha512-Rfkk/Mp/DL7JVje3u18FxFujQlTNR2q6QfMSMB7AvCBx91NGj/ba3kCfza0f6dVDbw7YlRf/nDrn7pQrCCyQ/w==",
      "optional": true
    },
    "node_modules/lodash": {
      "version": "4.17.23",
      "resolved": "https://registry.npmmirror.com/lodash/-/lodash-4.17.23.tgz",
      "integrity": "sha512-LgVTMpQtIopCi79SJeDiP0TfWi5CNEc/L/aRdTh3yIvmZXTnheWpKjSZhnvMl8iXbC1tFg9gdHHDMLoV7CnG+w=="
    },
    "node_modules/magic-string": {
      "version": "0.30.21",
      "resolved": "https://registry.npmmirror.com/magic-string/-/magic-string-0.30.21.tgz",
      "integrity": "sha512-vd2F4YUyEXKGcLHoq+TEyCjxueSeHnFxyyjNp80yg0XV4vUhnDer/lvvlqM/arB5bXQN5K2/3oinyCRyx8T2CQ==",
      "optional": true,
      "dependencies": {
        "@jridgewell/sourcemap-codec": "^1.5.5"
      }
    },
    "node_modules/nanoid": {
      "version": "3.3.11",
      "resolved": "https://registry.npmmirror.com/nanoid/-/nanoid-3.3.11.tgz",
      "integrity": "sha512-N8SpfPUnUp1bK+PMYW8qSWdl9U+wwNWI4QKxOYDy9JAro3WMX7p2OeVRF9v+347pnakNevPmiHhNmZ2HbFA76w==",
      "funding": [
        {
          "type": "github",
          "url": "https://github.com/sponsors/ai"
        }
      ],
      "optional": true,
      "bin": {
        "nanoid": "bin/nanoid.cjs"
      },
      "engines": {
        "node": "^10 || ^12 || ^13.7 || ^14 || >=15.0.1"
      }
    },
    "node_modules/picocolors": {
      "version": "1.1.1",
      "resolved": "https://registry.npmmirror.com/picocolors/-/picocolors-1.1.1.tgz",
      "integrity": "sha512-xceH2snhtb5M9liqDsmEw56le376mTZkEX/jEb/RxNFyegNul7eNslCXP9FDj/Lcu0X8KEyMceP2ntpaHrDEVA==",
      "optional": true
    },
    "node_modules/postcss": {
      "version": "8.5.8",
      "resolved": "https://registry.npmmirror.com/postcss/-/postcss-8.5.8.tgz",
      "integrity": "sha512-OW/rX8O/jXnm82Ey1k44pObPtdblfiuWnrd8X7GJ7emImCOstunGbXUpp7HdBrFQX6rJzn3sPT397Wp5aCwCHg==",
      "funding": [
        {
          "type": "opencollective",
          "url": "https://opencollective.com/postcss/"
        },
        {
          "type": "tidelift",
          "url": "https://tidelift.com/funding/github/npm/postcss"
        },
        {
          "type": "github",
          "url": "https://github.com/sponsors/ai"
        }
      ],
      "optional": true,
      "dependencies": {
        "nanoid": "^3.3.11",
        "picocolors": "^1.1.1",
        "source-map-js": "^1.2.1"
      },
      "engines": {
        "node": "^10 || ^12 || >=14"
      }
    },
    "node_modules/source-map-js": {
      "version": "1.2.1",
      "resolved": "https://registry.npmmirror.com/source-map-js/-/source-map-js-1.2.1.tgz",
      "integrity": "sha512-UXWMKhLOwVKb728IUtQPXxfYU+usdybtUrK/8uGE8CQMvrhOpwvzDBwj0QhSL7MQc7vIsISBG8VQ8+IDQxpfQA==",
      "optional": true,
      "engines": {
        "node": ">=0.10.0"
      }
    },
    "node_modules/vue": {
      "version": "3.5.30",
      "resolved": "https://registry.npmmirror.com/vue/-/vue-3.5.30.tgz",
      "integrity": "sha512-hTHLc6VNZyzzEH/l7PFGjpcTvUgiaPK5mdLkbjrTeWSRcEfxFrv56g/XckIYlE9ckuobsdwqd5mk2g1sBkMewg==",
      "optional": true,
      "dependencies": {
        "@vue/compiler-dom": "3.5.30",
        "@vue/compiler-sfc": "3.5.30",
        "@vue/runtime-dom": "3.5.30",
        "@vue/server-renderer": "3.5.30",
        "@vue/shared": "3.5.30"
      },
      "peerDependencies": {
        "typescript": "*"
      },
      "peerDependenciesMeta": {
        "typescript": {
          "optional": true
        }
      }
    },
    "node_modules/vue3-grid-layout": {
      "version": "1.0.0",
      "resolved": "https://registry.npmmirror.com/vue3-grid-layout/-/vue3-grid-layout-1.0.0.tgz",
      "integrity": "sha512-rFiHnlBFxkY9ojh0YB+cSKCE9A9/mhdbgaPARWD7r2yHPWxV9tHDPbMAN+uycsIDF7ikBpNgeQ9PfeiGaXHUWw==",
      "dependencies": {
        "@interactjs/actions": "^1.10.2",
        "@interactjs/auto-start": "^1.10.2",
        "@interactjs/dev-tools": "^1.10.2",
        "@interactjs/interactjs": "^1.10.2",
        "@interactjs/modifiers": "^1.10.2",
        "element-resize-detector": "^1.2.1",
        "lodash": "^4.17.21"
      }
    }
  }
}
